{
  "pins" : [
    {
      "identity" : "ddmathparser",
      "kind" : "remoteSourceControl",
      "location" : "https://github.com/davedelong/DDMathParser.git",
      "state" : {
        "revision" : "0a159109e2393c3e1db4e2b638009c82e6650b4d",
        "version" : "3.1.0"
      }
    },
    {
      "identity" : "hex-grid",
      "kind" : "remoteSourceControl",
      "location" : "https://github.com/fananek/hex-grid.git",
      "state" : {
        "revision" : "d021778edfc8775197b6922569cd274a984661df",
        "version" : "0.4.11"
      }
    }
  ],
  "version" : 2
}
