// !$*UTF8*$!
{
	archiveVersion = 1;
	classes = {
	};
	objectVersion = 56;
	objects = {

/* Begin PBXBuildFile section */
		B04CADF02B942C0F0092909C /* SevenSegmentView.swift in Sources */ = {isa = PBXBuildFile; fileRef = B04CADEF2B942C0F0092909C /* SevenSegmentView.swift */; };
		B04CADF22B94303C0092909C /* LCDGlow.metal in Sources */ = {isa = PBXBuildFile; fileRef = B04CADF12B94303C0092909C /* LCDGlow.metal */; };
		B04CADF42B9439C60092909C /* LDCGlowView.swift in Sources */ = {isa = PBXBuildFile; fileRef = B04CADF32B9439C60092909C /* LDCGlowView.swift */; };
		B04CADF72B943EBB0092909C /* MetalModifiers.swift in Sources */ = {isa = PBXBuildFile; fileRef = B04CADF62B943EBB0092909C /* MetalModifiers.swift */; };
		B04CADF92B943F5B0092909C /* Rainbow.metal in Sources */ = {isa = PBXBuildFile; fileRef = B04CADF82B943F5B0092909C /* Rainbow.metal */; };
		B04CADFB2B94405B0092909C /* MetalContentView.swift in Sources */ = {isa = PBXBuildFile; fileRef = B04CADFA2B94405B0092909C /* MetalContentView.swift */; };
		B04CADFD2B94450F0092909C /* CountdownView.swift in Sources */ = {isa = PBXBuildFile; fileRef = B04CADFC2B94450F0092909C /* CountdownView.swift */; };
		B04CAE012B944B2A0092909C /* 14 Segment LED.ttf in Resources */ = {isa = PBXBuildFile; fileRef = B04CAE002B944B290092909C /* 14 Segment LED.ttf */; };
		B04CAE032B944B3D0092909C /* Seven Segment.ttf in Resources */ = {isa = PBXBuildFile; fileRef = B04CAE022B944B3D0092909C /* Seven Segment.ttf */; };
		B072488A2B930F5E00B12B0E /* KeyboardLayout2.swift in Sources */ = {isa = PBXBuildFile; fileRef = B07248892B930F5E00B12B0E /* KeyboardLayout2.swift */; };
		B072488C2B9312E400B12B0E /* FurryFriendsView.swift in Sources */ = {isa = PBXBuildFile; fileRef = B072488B2B9312E400B12B0E /* FurryFriendsView.swift */; };
		B09B73712B93FBC90086F228 /* SquareKeysTestView.swift in Sources */ = {isa = PBXBuildFile; fileRef = B09B73702B93FBC90086F228 /* SquareKeysTestView.swift */; };
		B0A7DDEA2B92710C00B6D6A5 /* KBDCalcApp.swift in Sources */ = {isa = PBXBuildFile; fileRef = B0A7DDE92B92710C00B6D6A5 /* KBDCalcApp.swift */; };
		B0A7DDEE2B92710D00B6D6A5 /* Assets.xcassets in Resources */ = {isa = PBXBuildFile; fileRef = B0A7DDED2B92710D00B6D6A5 /* Assets.xcassets */; };
		B0A7DDF22B92710D00B6D6A5 /* Preview Assets.xcassets in Resources */ = {isa = PBXBuildFile; fileRef = B0A7DDF12B92710D00B6D6A5 /* Preview Assets.xcassets */; };
		B0A7DDFE2B9296D000B6D6A5 /* SunMoonView.swift in Sources */ = {isa = PBXBuildFile; fileRef = B0A7DDFD2B9296D000B6D6A5 /* SunMoonView.swift */; };
		B0A7DE012B9297F500B6D6A5 /* iPadSupport.swift in Sources */ = {isa = PBXBuildFile; fileRef = B0A7DE002B9297F500B6D6A5 /* iPadSupport.swift */; };
		B0A7DE032B929A0800B6D6A5 /* ComputationView.swift in Sources */ = {isa = PBXBuildFile; fileRef = B0A7DE022B929A0800B6D6A5 /* ComputationView.swift */; };
		B0A7DE052B929B4300B6D6A5 /* CalculatorButtonsView.swift in Sources */ = {isa = PBXBuildFile; fileRef = B0A7DE042B929B4300B6D6A5 /* CalculatorButtonsView.swift */; };
		B0A7DE072B929B6F00B6D6A5 /* Enumerations.swift in Sources */ = {isa = PBXBuildFile; fileRef = B0A7DE062B929B6F00B6D6A5 /* Enumerations.swift */; };
		B0A7DE0B2B92A04200B6D6A5 /* ButtonView.swift in Sources */ = {isa = PBXBuildFile; fileRef = B0A7DE0A2B92A04200B6D6A5 /* ButtonView.swift */; };
		B0A7DE0D2B92A25900B6D6A5 /* EnvironmentValues.swift in Sources */ = {isa = PBXBuildFile; fileRef = B0A7DE0C2B92A25900B6D6A5 /* EnvironmentValues.swift */; };
		B0A7DE0F2B92A58F00B6D6A5 /* Helpers.swift in Sources */ = {isa = PBXBuildFile; fileRef = B0A7DE0E2B92A58F00B6D6A5 /* Helpers.swift */; };
		B0A7DE112B92A9D300B6D6A5 /* MainCalculator.swift in Sources */ = {isa = PBXBuildFile; fileRef = B0A7DE102B92A9D300B6D6A5 /* MainCalculator.swift */; };
		B0A7DE152B92BC1D00B6D6A5 /* KeyboardLayout1.swift in Sources */ = {isa = PBXBuildFile; fileRef = B0A7DE142B92BC1D00B6D6A5 /* KeyboardLayout1.swift */; };
/* End PBXBuildFile section */

/* Begin PBXFileReference section */
		B04CADEF2B942C0F0092909C /* SevenSegmentView.swift */ = {isa = PBXFileReference; lastKnownFileType = sourcecode.swift; path = SevenSegmentView.swift; sourceTree = "<group>"; };
		B04CADF12B94303C0092909C /* LCDGlow.metal */ = {isa = PBXFileReference; lastKnownFileType = sourcecode.metal; path = LCDGlow.metal; sourceTree = "<group>"; };
		B04CADF32B9439C60092909C /* LDCGlowView.swift */ = {isa = PBXFileReference; lastKnownFileType = sourcecode.swift; path = LDCGlowView.swift; sourceTree = "<group>"; };
		B04CADF62B943EBB0092909C /* MetalModifiers.swift */ = {isa = PBXFileReference; lastKnownFileType = sourcecode.swift; path = MetalModifiers.swift; sourceTree = "<group>"; };
		B04CADF82B943F5B0092909C /* Rainbow.metal */ = {isa = PBXFileReference; lastKnownFileType = sourcecode.metal; path = Rainbow.metal; sourceTree = "<group>"; };
		B04CADFA2B94405B0092909C /* MetalContentView.swift */ = {isa = PBXFileReference; lastKnownFileType = sourcecode.swift; path = MetalContentView.swift; sourceTree = "<group>"; };
		B04CADFC2B94450F0092909C /* CountdownView.swift */ = {isa = PBXFileReference; lastKnownFileType = sourcecode.swift; path = CountdownView.swift; sourceTree = "<group>"; };
		B04CAE002B944B290092909C /* 14 Segment LED.ttf */ = {isa = PBXFileReference; lastKnownFileType = file; path = "14 Segment LED.ttf"; sourceTree = "<group>"; };
		B04CAE022B944B3D0092909C /* Seven Segment.ttf */ = {isa = PBXFileReference; lastKnownFileType = file; path = "Seven Segment.ttf"; sourceTree = "<group>"; };
		B04CAE042B944B7D0092909C /* Info.plist */ = {isa = PBXFileReference; lastKnownFileType = text.plist; path = Info.plist; sourceTree = "<group>"; };
		B07248892B930F5E00B12B0E /* KeyboardLayout2.swift */ = {isa = PBXFileReference; lastKnownFileType = sourcecode.swift; path = KeyboardLayout2.swift; sourceTree = "<group>"; };
		B072488B2B9312E400B12B0E /* FurryFriendsView.swift */ = {isa = PBXFileReference; lastKnownFileType = sourcecode.swift; path = FurryFriendsView.swift; sourceTree = "<group>"; };
		B0924B0A2B93DFC8001DC0BF /* Notes.md */ = {isa = PBXFileReference; lastKnownFileType = net.daringfireball.markdown; path = Notes.md; sourceTree = "<group>"; };
		B09B73702B93FBC90086F228 /* SquareKeysTestView.swift */ = {isa = PBXFileReference; lastKnownFileType = sourcecode.swift; path = SquareKeysTestView.swift; sourceTree = "<group>"; };
		B0A7DDE62B92710C00B6D6A5 /* KBDCalc.app */ = {isa = PBXFileReference; explicitFileType = wrapper.application; includeInIndex = 0; path = KBDCalc.app; sourceTree = BUILT_PRODUCTS_DIR; };
		B0A7DDE92B92710C00B6D6A5 /* KBDCalcApp.swift */ = {isa = PBXFileReference; lastKnownFileType = sourcecode.swift; path = KBDCalcApp.swift; sourceTree = "<group>"; };
		B0A7DDED2B92710D00B6D6A5 /* Assets.xcassets */ = {isa = PBXFileReference; lastKnownFileType = folder.assetcatalog; path = Assets.xcassets; sourceTree = "<group>"; };
		B0A7DDEF2B92710D00B6D6A5 /* KBDCalc.entitlements */ = {isa = PBXFileReference; lastKnownFileType = text.plist.entitlements; path = KBDCalc.entitlements; sourceTree = "<group>"; };
		B0A7DDF12B92710D00B6D6A5 /* Preview Assets.xcassets */ = {isa = PBXFileReference; lastKnownFileType = folder.assetcatalog; path = "Preview Assets.xcassets"; sourceTree = "<group>"; };
		B0A7DDFD2B9296D000B6D6A5 /* SunMoonView.swift */ = {isa = PBXFileReference; lastKnownFileType = sourcecode.swift; path = SunMoonView.swift; sourceTree = "<group>"; };
		B0A7DE002B9297F500B6D6A5 /* iPadSupport.swift */ = {isa = PBXFileReference; lastKnownFileType = sourcecode.swift; path = iPadSupport.swift; sourceTree = "<group>"; };
		B0A7DE022B929A0800B6D6A5 /* ComputationView.swift */ = {isa = PBXFileReference; lastKnownFileType = sourcecode.swift; path = ComputationView.swift; sourceTree = "<group>"; };
		B0A7DE042B929B4300B6D6A5 /* CalculatorButtonsView.swift */ = {isa = PBXFileReference; lastKnownFileType = sourcecode.swift; path = CalculatorButtonsView.swift; sourceTree = "<group>"; };
		B0A7DE062B929B6F00B6D6A5 /* Enumerations.swift */ = {isa = PBXFileReference; lastKnownFileType = sourcecode.swift; path = Enumerations.swift; sourceTree = "<group>"; };
		B0A7DE0A2B92A04200B6D6A5 /* ButtonView.swift */ = {isa = PBXFileReference; lastKnownFileType = sourcecode.swift; path = ButtonView.swift; sourceTree = "<group>"; };
		B0A7DE0C2B92A25900B6D6A5 /* EnvironmentValues.swift */ = {isa = PBXFileReference; lastKnownFileType = sourcecode.swift; path = EnvironmentValues.swift; sourceTree = "<group>"; };
		B0A7DE0E2B92A58F00B6D6A5 /* Helpers.swift */ = {isa = PBXFileReference; lastKnownFileType = sourcecode.swift; path = Helpers.swift; sourceTree = "<group>"; };
		B0A7DE102B92A9D300B6D6A5 /* MainCalculator.swift */ = {isa = PBXFileReference; lastKnownFileType = sourcecode.swift; path = MainCalculator.swift; sourceTree = "<group>"; };
		B0A7DE142B92BC1D00B6D6A5 /* KeyboardLayout1.swift */ = {isa = PBXFileReference; lastKnownFileType = sourcecode.swift; path = KeyboardLayout1.swift; sourceTree = "<group>"; };
/* End PBXFileReference section */

/* Begin PBXFrameworksBuildPhase section */
		B0A7DDE32B92710C00B6D6A5 /* Frameworks */ = {
			isa = PBXFrameworksBuildPhase;
			buildActionMask = 2147483647;
			files = (
			);
			runOnlyForDeploymentPostprocessing = 0;
		};
/* End PBXFrameworksBuildPhase section */

/* Begin PBXGroup section */
		B04CADF52B943E9F0092909C /* Metal */ = {
			isa = PBXGroup;
			children = (
				B04CADF12B94303C0092909C /* LCDGlow.metal */,
				B04CADF82B943F5B0092909C /* Rainbow.metal */,
				B04CADF32B9439C60092909C /* LDCGlowView.swift */,
				B04CADF62B943EBB0092909C /* MetalModifiers.swift */,
				B04CADFC2B94450F0092909C /* CountdownView.swift */,
				B04CADFA2B94405B0092909C /* MetalContentView.swift */,
			);
			name = Metal;
			sourceTree = "<group>";
		};
		B04CADFE2B944B170092909C /* Resources */ = {
			isa = PBXGroup;
			children = (
				B04CADFF2B944B210092909C /* Fonts */,
			);
			path = Resources;
			sourceTree = "<group>";
		};
		B04CADFF2B944B210092909C /* Fonts */ = {
			isa = PBXGroup;
			children = (
				B04CAE022B944B3D0092909C /* Seven Segment.ttf */,
				B04CAE002B944B290092909C /* 14 Segment LED.ttf */,
			);
			path = Fonts;
			sourceTree = "<group>";
		};
		B0A7DDDD2B92710C00B6D6A5 = {
			isa = PBXGroup;
			children = (
				B0A7DDE82B92710C00B6D6A5 /* KBDCalc */,
				B0A7DDE72B92710C00B6D6A5 /* Products */,
			);
			sourceTree = "<group>";
		};
		B0A7DDE72B92710C00B6D6A5 /* Products */ = {
			isa = PBXGroup;
			children = (
				B0A7DDE62B92710C00B6D6A5 /* KBDCalc.app */,
			);
			name = Products;
			sourceTree = "<group>";
		};
		B0A7DDE82B92710C00B6D6A5 /* KBDCalc */ = {
			isa = PBXGroup;
			children = (
				B04CAE042B944B7D0092909C /* Info.plist */,
				B0A7DDE92B92710C00B6D6A5 /* KBDCalcApp.swift */,
				B04CADF52B943E9F0092909C /* Metal */,
				B0A7DE132B92BC0B00B6D6A5 /* sandbox */,
				B0A7DDFC2B92969C00B6D6A5 /* Extensions */,
				B0A7DDFB2B92969500B6D6A5 /* Constants */,
				B0A7DDFA2B92968D00B6D6A5 /* Views */,
				B0A7DDED2B92710D00B6D6A5 /* Assets.xcassets */,
				B04CADFE2B944B170092909C /* Resources */,
				B0A7DDEF2B92710D00B6D6A5 /* KBDCalc.entitlements */,
				B0A7DDF02B92710D00B6D6A5 /* Preview Content */,
			);
			path = KBDCalc;
			sourceTree = "<group>";
		};
		B0A7DDF02B92710D00B6D6A5 /* Preview Content */ = {
			isa = PBXGroup;
			children = (
				B0A7DDF12B92710D00B6D6A5 /* Preview Assets.xcassets */,
			);
			path = "Preview Content";
			sourceTree = "<group>";
		};
		B0A7DDFA2B92968D00B6D6A5 /* Views */ = {
			isa = PBXGroup;
			children = (
				B0A7DE102B92A9D300B6D6A5 /* MainCalculator.swift */,
				B0A7DE042B929B4300B6D6A5 /* CalculatorButtonsView.swift */,
				B072488B2B9312E400B12B0E /* FurryFriendsView.swift */,
				B0A7DE0A2B92A04200B6D6A5 /* ButtonView.swift */,
				B0A7DE022B929A0800B6D6A5 /* ComputationView.swift */,
				B0A7DDFD2B9296D000B6D6A5 /* SunMoonView.swift */,
			);
			path = Views;
			sourceTree = "<group>";
		};
		B0A7DDFB2B92969500B6D6A5 /* Constants */ = {
			isa = PBXGroup;
			children = (
				B0A7DE062B929B6F00B6D6A5 /* Enumerations.swift */,
			);
			path = Constants;
			sourceTree = "<group>";
		};
		B0A7DDFC2B92969C00B6D6A5 /* Extensions */ = {
			isa = PBXGroup;
			children = (
				B0A7DE002B9297F500B6D6A5 /* iPadSupport.swift */,
				B0A7DE0C2B92A25900B6D6A5 /* EnvironmentValues.swift */,
				B0A7DE0E2B92A58F00B6D6A5 /* Helpers.swift */,
			);
			path = Extensions;
			sourceTree = "<group>";
		};
		B0A7DE132B92BC0B00B6D6A5 /* sandbox */ = {
			isa = PBXGroup;
			children = (
				B0A7DE142B92BC1D00B6D6A5 /* KeyboardLayout1.swift */,
				B07248892B930F5E00B12B0E /* KeyboardLayout2.swift */,
				B0924B0A2B93DFC8001DC0BF /* Notes.md */,
				B09B73702B93FBC90086F228 /* SquareKeysTestView.swift */,
				B04CADEF2B942C0F0092909C /* SevenSegmentView.swift */,
			);
			name = sandbox;
			sourceTree = "<group>";
		};
/* End PBXGroup section */

/* Begin PBXNativeTarget section */
		B0A7DDE52B92710C00B6D6A5 /* KBDCalc */ = {
			isa = PBXNativeTarget;
			buildConfigurationList = B0A7DDF52B92710D00B6D6A5 /* Build configuration list for PBXNativeTarget "KBDCalc" */;
			buildPhases = (
				B0A7DDE22B92710C00B6D6A5 /* Sources */,
				B0A7DDE32B92710C00B6D6A5 /* Frameworks */,
				B0A7DDE42B92710C00B6D6A5 /* Resources */,
			);
			buildRules = (
			);
			dependencies = (
			);
			name = KBDCalc;
			productName = KBDCalc;
			productReference = B0A7DDE62B92710C00B6D6A5 /* KBDCalc.app */;
			productType = "com.apple.product-type.application";
		};
/* End PBXNativeTarget section */

/* Begin PBXProject section */
		B0A7DDDE2B92710C00B6D6A5 /* Project object */ = {
			isa = PBXProject;
			attributes = {
				BuildIndependentTargetsInParallel = 1;
				LastSwiftUpdateCheck = 1520;
				LastUpgradeCheck = 1520;
				TargetAttributes = {
					B0A7DDE52B92710C00B6D6A5 = {
						CreatedOnToolsVersion = 15.2;
					};
				};
			};
			buildConfigurationList = B0A7DDE12B92710C00B6D6A5 /* Build configuration list for PBXProject "KBDCalc" */;
			compatibilityVersion = "Xcode 14.0";
			developmentRegion = en;
			hasScannedForEncodings = 0;
			knownRegions = (
				en,
				Base,
			);
			mainGroup = B0A7DDDD2B92710C00B6D6A5;
			productRefGroup = B0A7DDE72B92710C00B6D6A5 /* Products */;
			projectDirPath = "";
			projectRoot = "";
			targets = (
				B0A7DDE52B92710C00B6D6A5 /* KBDCalc */,
			);
		};
/* End PBXProject section */

/* Begin PBXResourcesBuildPhase section */
		B0A7DDE42B92710C00B6D6A5 /* Resources */ = {
			isa = PBXResourcesBuildPhase;
			buildActionMask = 2147483647;
			files = (
				B0A7DDF22B92710D00B6D6A5 /* Preview Assets.xcassets in Resources */,
				B04CAE032B944B3D0092909C /* Seven Segment.ttf in Resources */,
				B04CAE012B944B2A0092909C /* 14 Segment LED.ttf in Resources */,
				B0A7DDEE2B92710D00B6D6A5 /* Assets.xcassets in Resources */,
			);
			runOnlyForDeploymentPostprocessing = 0;
		};
/* End PBXResourcesBuildPhase section */

/* Begin PBXSourcesBuildPhase section */
		B0A7DDE22B92710C00B6D6A5 /* Sources */ = {
			isa = PBXSourcesBuildPhase;
			buildActionMask = 2147483647;
			files = (
				B0A7DE052B929B4300B6D6A5 /* CalculatorButtonsView.swift in Sources */,
				B0A7DE112B92A9D300B6D6A5 /* MainCalculator.swift in Sources */,
				B04CADF02B942C0F0092909C /* SevenSegmentView.swift in Sources */,
				B04CADFD2B94450F0092909C /* CountdownView.swift in Sources */,
				B0A7DDEA2B92710C00B6D6A5 /* KBDCalcApp.swift in Sources */,
				B0A7DDFE2B9296D000B6D6A5 /* SunMoonView.swift in Sources */,
				B04CADF92B943F5B0092909C /* Rainbow.metal in Sources */,
				B0A7DE0F2B92A58F00B6D6A5 /* Helpers.swift in Sources */,
				B0A7DE012B9297F500B6D6A5 /* iPadSupport.swift in Sources */,
				B0A7DE0D2B92A25900B6D6A5 /* EnvironmentValues.swift in Sources */,
				B0A7DE032B929A0800B6D6A5 /* ComputationView.swift in Sources */,
				B04CADFB2B94405B0092909C /* MetalContentView.swift in Sources */,
				B0A7DE152B92BC1D00B6D6A5 /* KeyboardLayout1.swift in Sources */,
				B04CADF22B94303C0092909C /* LCDGlow.metal in Sources */,
				B072488C2B9312E400B12B0E /* FurryFriendsView.swift in Sources */,
				B04CADF72B943EBB0092909C /* MetalModifiers.swift in Sources */,
				B04CADF42B9439C60092909C /* LDCGlowView.swift in Sources */,
				B072488A2B930F5E00B12B0E /* KeyboardLayout2.swift in Sources */,
				B09B73712B93FBC90086F228 /* SquareKeysTestView.swift in Sources */,
				B0A7DE072B929B6F00B6D6A5 /* Enumerations.swift in Sources */,
				B0A7DE0B2B92A04200B6D6A5 /* ButtonView.swift in Sources */,
			);
			runOnlyForDeploymentPostprocessing = 0;
		};
/* End PBXSourcesBuildPhase section */

/* Begin XCBuildConfiguration section */
		B0A7DDF32B92710D00B6D6A5 /* Debug */ = {
			isa = XCBuildConfiguration;
			buildSettings = {
				ALWAYS_SEARCH_USER_PATHS = NO;
				ASSETCATALOG_COMPILER_GENERATE_SWIFT_ASSET_SYMBOL_EXTENSIONS = YES;
				CLANG_ANALYZER_NONNULL = YES;
				CLANG_ANALYZER_NUMBER_OBJECT_CONVERSION = YES_AGGRESSIVE;
				CLANG_CXX_LANGUAGE_STANDARD = "gnu++20";
				CLANG_ENABLE_MODULES = YES;
				CLANG_ENABLE_OBJC_ARC = YES;
				CLANG_ENABLE_OBJC_WEAK = YES;
				CLANG_WARN_BLOCK_CAPTURE_AUTORELEASING = YES;
				CLANG_WARN_BOOL_CONVERSION = YES;
				CLANG_WARN_COMMA = YES;
				CLANG_WARN_CONSTANT_CONVERSION = YES;
				CLANG_WARN_DEPRECATED_OBJC_IMPLEMENTATIONS = YES;
				CLANG_WARN_DIRECT_OBJC_ISA_USAGE = YES_ERROR;
				CLANG_WARN_DOCUMENTATION_COMMENTS = YES;
				CLANG_WARN_EMPTY_BODY = YES;
				CLANG_WARN_ENUM_CONVERSION = YES;
				CLANG_WARN_INFINITE_RECURSION = YES;
				CLANG_WARN_INT_CONVERSION = YES;
				CLANG_WARN_NON_LITERAL_NULL_CONVERSION = YES;
				CLANG_WARN_OBJC_IMPLICIT_RETAIN_SELF = YES;
				CLANG_WARN_OBJC_LITERAL_CONVERSION = YES;
				CLANG_WARN_OBJC_ROOT_CLASS = YES_ERROR;
				CLANG_WARN_QUOTED_INCLUDE_IN_FRAMEWORK_HEADER = YES;
				CLANG_WARN_RANGE_LOOP_ANALYSIS = YES;
				CLANG_WARN_STRICT_PROTOTYPES = YES;
				CLANG_WARN_SUSPICIOUS_MOVE = YES;
				CLANG_WARN_UNGUARDED_AVAILABILITY = YES_AGGRESSIVE;
				CLANG_WARN_UNREACHABLE_CODE = YES;
				CLANG_WARN__DUPLICATE_METHOD_MATCH = YES;
				COPY_PHASE_STRIP = NO;
				DEBUG_INFORMATION_FORMAT = dwarf;
				ENABLE_STRICT_OBJC_MSGSEND = YES;
				ENABLE_TESTABILITY = YES;
				ENABLE_USER_SCRIPT_SANDBOXING = YES;
				GCC_C_LANGUAGE_STANDARD = gnu17;
				GCC_DYNAMIC_NO_PIC = NO;
				GCC_NO_COMMON_BLOCKS = YES;
				GCC_OPTIMIZATION_LEVEL = 0;
				GCC_PREPROCESSOR_DEFINITIONS = (
					"DEBUG=1",
					"$(inherited)",
				);
				GCC_WARN_64_TO_32_BIT_CONVERSION = YES;
				GCC_WARN_ABOUT_RETURN_TYPE = YES_ERROR;
				GCC_WARN_UNDECLARED_SELECTOR = YES;
				GCC_WARN_UNINITIALIZED_AUTOS = YES_AGGRESSIVE;
				GCC_WARN_UNUSED_FUNCTION = YES;
				GCC_WARN_UNUSED_VARIABLE = YES;
				LOCALIZATION_PREFERS_STRING_CATALOGS = YES;
				MTL_ENABLE_DEBUG_INFO = INCLUDE_SOURCE;
				MTL_FAST_MATH = YES;
				ONLY_ACTIVE_ARCH = YES;
				SWIFT_ACTIVE_COMPILATION_CONDITIONS = "DEBUG $(inherited)";
				SWIFT_OPTIMIZATION_LEVEL = "-Onone";
			};
			name = Debug;
		};
		B0A7DDF42B92710D00B6D6A5 /* Release */ = {
			isa = XCBuildConfiguration;
			buildSettings = {
				ALWAYS_SEARCH_USER_PATHS = NO;
				ASSETCATALOG_COMPILER_GENERATE_SWIFT_ASSET_SYMBOL_EXTENSIONS = YES;
				CLANG_ANALYZER_NONNULL = YES;
				CLANG_ANALYZER_NUMBER_OBJECT_CONVERSION = YES_AGGRESSIVE;
				CLANG_CXX_LANGUAGE_STANDARD = "gnu++20";
				CLANG_ENABLE_MODULES = YES;
				CLANG_ENABLE_OBJC_ARC = YES;
				CLANG_ENABLE_OBJC_WEAK = YES;
				CLANG_WARN_BLOCK_CAPTURE_AUTORELEASING = YES;
				CLANG_WARN_BOOL_CONVERSION = YES;
				CLANG_WARN_COMMA = YES;
				CLANG_WARN_CONSTANT_CONVERSION = YES;
				CLANG_WARN_DEPRECATED_OBJC_IMPLEMENTATIONS = YES;
				CLANG_WARN_DIRECT_OBJC_ISA_USAGE = YES_ERROR;
				CLANG_WARN_DOCUMENTATION_COMMENTS = YES;
				CLANG_WARN_EMPTY_BODY = YES;
				CLANG_WARN_ENUM_CONVERSION = YES;
				CLANG_WARN_INFINITE_RECURSION = YES;
				CLANG_WARN_INT_CONVERSION = YES;
				CLANG_WARN_NON_LITERAL_NULL_CONVERSION = YES;
				CLANG_WARN_OBJC_IMPLICIT_RETAIN_SELF = YES;
				CLANG_WARN_OBJC_LITERAL_CONVERSION = YES;
				CLANG_WARN_OBJC_ROOT_CLASS = YES_ERROR;
				CLANG_WARN_QUOTED_INCLUDE_IN_FRAMEWORK_HEADER = YES;
				CLANG_WARN_RANGE_LOOP_ANALYSIS = YES;
				CLANG_WARN_STRICT_PROTOTYPES = YES;
				CLANG_WARN_SUSPICIOUS_MOVE = YES;
				CLANG_WARN_UNGUARDED_AVAILABILITY = YES_AGGRESSIVE;
				CLANG_WARN_UNREACHABLE_CODE = YES;
				CLANG_WARN__DUPLICATE_METHOD_MATCH = YES;
				COPY_PHASE_STRIP = NO;
				DEBUG_INFORMATION_FORMAT = "dwarf-with-dsym";
				ENABLE_NS_ASSERTIONS = NO;
				ENABLE_STRICT_OBJC_MSGSEND = YES;
				ENABLE_USER_SCRIPT_SANDBOXING = YES;
				GCC_C_LANGUAGE_STANDARD = gnu17;
				GCC_NO_COMMON_BLOCKS = YES;
				GCC_WARN_64_TO_32_BIT_CONVERSION = YES;
				GCC_WARN_ABOUT_RETURN_TYPE = YES_ERROR;
				GCC_WARN_UNDECLARED_SELECTOR = YES;
				GCC_WARN_UNINITIALIZED_AUTOS = YES_AGGRESSIVE;
				GCC_WARN_UNUSED_FUNCTION = YES;
				GCC_WARN_UNUSED_VARIABLE = YES;
				LOCALIZATION_PREFERS_STRING_CATALOGS = YES;
				MTL_ENABLE_DEBUG_INFO = NO;
				MTL_FAST_MATH = YES;
				SWIFT_COMPILATION_MODE = wholemodule;
			};
			name = Release;
		};
		B0A7DDF62B92710D00B6D6A5 /* Debug */ = {
			isa = XCBuildConfiguration;
			buildSettings = {
				ASSETCATALOG_COMPILER_APPICON_NAME = AppIcon;
				ASSETCATALOG_COMPILER_GLOBAL_ACCENT_COLOR_NAME = AccentColor;
				CODE_SIGN_ENTITLEMENTS = KBDCalc/KBDCalc.entitlements;
				CODE_SIGN_STYLE = Automatic;
				CURRENT_PROJECT_VERSION = 1;
				DEVELOPMENT_ASSET_PATHS = "\"KBDCalc/Preview Content\"";
				DEVELOPMENT_TEAM = 6Y33CRE77K;
				ENABLE_HARDENED_RUNTIME = YES;
				ENABLE_PREVIEWS = YES;
				GENERATE_INFOPLIST_FILE = YES;
				INFOPLIST_FILE = KBDCalc/Info.plist;
				"INFOPLIST_KEY_UIApplicationSceneManifest_Generation[sdk=iphoneos*]" = YES;
				"INFOPLIST_KEY_UIApplicationSceneManifest_Generation[sdk=iphonesimulator*]" = YES;
				"INFOPLIST_KEY_UIApplicationSupportsIndirectInputEvents[sdk=iphoneos*]" = YES;
				"INFOPLIST_KEY_UIApplicationSupportsIndirectInputEvents[sdk=iphonesimulator*]" = YES;
				"INFOPLIST_KEY_UILaunchScreen_Generation[sdk=iphoneos*]" = YES;
				"INFOPLIST_KEY_UILaunchScreen_Generation[sdk=iphonesimulator*]" = YES;
				"INFOPLIST_KEY_UIStatusBarStyle[sdk=iphoneos*]" = UIStatusBarStyleDefault;
				"INFOPLIST_KEY_UIStatusBarStyle[sdk=iphonesimulator*]" = UIStatusBarStyleDefault;
				INFOPLIST_KEY_UISupportedInterfaceOrientations = UIInterfaceOrientationPortrait;
				IPHONEOS_DEPLOYMENT_TARGET = 17.2;
				LD_RUNPATH_SEARCH_PATHS = "@executable_path/Frameworks";
				"LD_RUNPATH_SEARCH_PATHS[sdk=macosx*]" = "@executable_path/../Frameworks";
				MACOSX_DEPLOYMENT_TARGET = 14.2;
				MARKETING_VERSION = 1.0;
				PRODUCT_BUNDLE_IDENTIFIER = com.waynedahlberg.KBDCalc;
				PRODUCT_NAME = "$(TARGET_NAME)";
				SDKROOT = auto;
				SUPPORTED_PLATFORMS = "iphoneos iphonesimulator macosx";
				SWIFT_EMIT_LOC_STRINGS = YES;
				SWIFT_VERSION = 5.0;
				TARGETED_DEVICE_FAMILY = "1,2";
			};
			name = Debug;
		};
		B0A7DDF72B92710D00B6D6A5 /* Release */ = {
			isa = XCBuildConfiguration;
			buildSettings = {
				ASSETCATALOG_COMPILER_APPICON_NAME = AppIcon;
				ASSETCATALOG_COMPILER_GLOBAL_ACCENT_COLOR_NAME = AccentColor;
				CODE_SIGN_ENTITLEMENTS = KBDCalc/KBDCalc.entitlements;
				CODE_SIGN_STYLE = Automatic;
				CURRENT_PROJECT_VERSION = 1;
				DEVELOPMENT_ASSET_PATHS = "\"KBDCalc/Preview Content\"";
				DEVELOPMENT_TEAM = 6Y33CRE77K;
				ENABLE_HARDENED_RUNTIME = YES;
				ENABLE_PREVIEWS = YES;
				GENERATE_INFOPLIST_FILE = YES;
				INFOPLIST_FILE = KBDCalc/Info.plist;
				"INFOPLIST_KEY_UIApplicationSceneManifest_Generation[sdk=iphoneos*]" = YES;
				"INFOPLIST_KEY_UIApplicationSceneManifest_Generation[sdk=iphonesimulator*]" = YES;
				"INFOPLIST_KEY_UIApplicationSupportsIndirectInputEvents[sdk=iphoneos*]" = YES;
				"INFOPLIST_KEY_UIApplicationSupportsIndirectInputEvents[sdk=iphonesimulator*]" = YES;
				"INFOPLIST_KEY_UILaunchScreen_Generation[sdk=iphoneos*]" = YES;
				"INFOPLIST_KEY_UILaunchScreen_Generation[sdk=iphonesimulator*]" = YES;
				"INFOPLIST_KEY_UIStatusBarStyle[sdk=iphoneos*]" = UIStatusBarStyleDefault;
				"INFOPLIST_KEY_UIStatusBarStyle[sdk=iphonesimulator*]" = UIStatusBarStyleDefault;
				INFOPLIST_KEY_UISupportedInterfaceOrientations = UIInterfaceOrientationPortrait;
				IPHONEOS_DEPLOYMENT_TARGET = 17.2;
				LD_RUNPATH_SEARCH_PATHS = "@executable_path/Frameworks";
				"LD_RUNPATH_SEARCH_PATHS[sdk=macosx*]" = "@executable_path/../Frameworks";
				MACOSX_DEPLOYMENT_TARGET = 14.2;
				MARKETING_VERSION = 1.0;
				PRODUCT_BUNDLE_IDENTIFIER = com.waynedahlberg.KBDCalc;
				PRODUCT_NAME = "$(TARGET_NAME)";
				SDKROOT = auto;
				SUPPORTED_PLATFORMS = "iphoneos iphonesimulator macosx";
				SWIFT_EMIT_LOC_STRINGS = YES;
				SWIFT_VERSION = 5.0;
				TARGETED_DEVICE_FAMILY = "1,2";
			};
			name = Release;
		};
/* End XCBuildConfiguration section */

/* Begin XCConfigurationList section */
		B0A7DDE12B92710C00B6D6A5 /* Build configuration list for PBXProject "KBDCalc" */ = {
			isa = XCConfigurationList;
			buildConfigurations = (
				B0A7DDF32B92710D00B6D6A5 /* Debug */,
				B0A7DDF42B92710D00B6D6A5 /* Release */,
			);
			defaultConfigurationIsVisible = 0;
			defaultConfigurationName = Release;
		};
		B0A7DDF52B92710D00B6D6A5 /* Build configuration list for PBXNativeTarget "KBDCalc" */ = {
			isa = XCConfigurationList;
			buildConfigurations = (
				B0A7DDF62B92710D00B6D6A5 /* Debug */,
				B0A7DDF72B92710D00B6D6A5 /* Release */,
			);
			defaultConfigurationIsVisible = 0;
			defaultConfigurationName = Release;
		};
/* End XCConfigurationList section */
	};
	rootObject = B0A7DDDE2B92710C00B6D6A5 /* Project object */;
}
